# This file is automatically @generated by Cargo.
# It is not intended for manual editing.
version = 4

[[package]]
name = "railgun-cli"
version = "0.1.0"
dependencies = [
 "railgun-core",
]

[[package]]
name = "railgun-core"
version = "0.1.0"
dependencies = [
 "railgun-types",
]

[[package]]
name = "railgun-types"
version = "0.1.0"

[[package]]
name = "railgun-wasm"
version = "0.1.0"
dependencies = [
 "railgun-core",
]
